
Microsoft Visual Studio Solution File, Format Version 12.00
# Visual Studio Version 17
VisualStudioVersion = 17.5.33502.453
MinimumVisualStudioVersion = 10.0.40219.1
Project("{FAE04EC0-301F-11D3-BF4B-00C04F79EFBC}") = "THA_w6_stanley", "THA_w6_stanley\THA_w6_stanley.csproj", "{1D7C742F-A50C-4B9B-9923-94359DB84F5E}"
EndProject
Global
	GlobalSection(SolutionConfigurationPlatforms) = preSolution
		Debug|Any CPU = Debug|Any CPU
		Release|Any CPU = Release|Any CPU
	EndGlobalSection
	GlobalSection(ProjectConfigurationPlatforms) = postSolution
		{1D7C742F-A50C-4B9B-9923-94359DB84F5E}.Debug|Any CPU.ActiveCfg = Debug|Any CPU
		{1D7C742F-A50C-4B9B-9923-94359DB84F5E}.Debug|Any CPU.Build.0 = Debug|Any CPU
		{1D7C742F-A50C-4B9B-9923-94359DB84F5E}.Release|Any CPU.ActiveCfg = Release|Any CPU
		{1D7C742F-A50C-4B9B-9923-94359DB84F5E}.Release|Any CPU.Build.0 = Release|Any CPU
	EndGlobalSection
	GlobalSection(SolutionProperties) = preSolution
		HideSolutionNode = FALSE
	EndGlobalSection
	GlobalSection(ExtensibilityGlobals) = postSolution
		SolutionGuid = {E45557DF-0429-4707-A76E-71402C0AF15E}
	EndGlobalSection
EndGlobal
